Microsoft Visual Studio Solution File, Format Version 12.00
# Visual Studio Version 17
VisualStudioVersion = 17.1.32113.165
MinimumVisualStudioVersion = 10.0.40219.1
Project("{9A19103F-16F7-4668-BE54-9A1E7A4F7556}") = "SandsProjectGenerator", "SandsProjectGenerator\SandsProjectGenerator.csproj", "{15F1B072-62C4-4C02-A47A-F313D41D4028}"
EndProject
Project("{9A19103F-16F7-4668-BE54-9A1E7A4F7556}") = "DontSendMyData", "DontSendMyData\DontSendMyData.csproj", "{EA231AA9-ED40-4979-8E61-FDE2EF08C6FB}"
EndProject
Project("{9A19103F-16F7-4668-BE54-9A1E7A4F7556}") = "BlinkingMod", "BlinkingMod\BlinkingMod.csproj", "{AAD46E5C-6B92-4F93-9FAD-FDC7EA224030}"
EndProject
Project("{9A19103F-16F7-4668-BE54-9A1E7A4F7556}") = "CrispyMod", "CrispyMod\CrispyMod.csproj", "{BE8F6AD1-722A-411F-8D6B-0432811AC71B}"
EndProject
Project("{9A19103F-16F7-4668-BE54-9A1E7A4F7556}") = "DancingMod", "DancingMod\DancingMod.csproj", "{880C0F5E-2E3C-482E-8D4D-9F500810A375}"
EndProject
Project("{9A19103F-16F7-4668-BE54-9A1E7A4F7556}") = "JumpingMod", "JumpingMod\JumpingMod.csproj", "{0FB14212-18E4-4131-B58F-7698D54EFFE4}"
EndProject
Project("{9A19103F-16F7-4668-BE54-9A1E7A4F7556}") = "MoreMouseControls", "MoreMouseControls\MoreMouseControls.csproj", "{04A6B03E-1C71-4243-8191-BAD2ACDC26BE}"
EndProject
Project("{9A19103F-16F7-4668-BE54-9A1E7A4F7556}") = "DemolishThatFreakingWall", "DemolishThatFreakingWall\DemolishThatFreakingWall.csproj", "{0698B795-1266-4E13-817A-4C511D481134}"
EndProject
Project("{9A19103F-16F7-4668-BE54-9A1E7A4F7556}") = "Snap", "Snap\Snap.csproj", "{565FD148-0031-4D89-9AC3-F05ED1F82496}"
EndProject
Project("{9A19103F-16F7-4668-BE54-9A1E7A4F7556}") = "EnableRLDebugTools", "EnableRLDebugTools\EnableRLDebugTools.csproj", "{E5AE0142-5B15-4400-8E1F-7A7A1DD37ADF}"
EndProject
Project("{9A19103F-16F7-4668-BE54-9A1E7A4F7556}") = "BetterFonts", "BetterFonts\BetterFonts.csproj", "{B688DDE9-ECB3-478B-955D-72AB4BCF04E1}"
EndProject
Project("{9A19103F-16F7-4668-BE54-9A1E7A4F7556}") = "ImmediateLogger", "ImmediateLogger\ImmediateLogger.csproj", "{4A2AD966-D754-4A9D-B899-0CA407E1D828}"
EndProject
Project("{2150E333-8FDC-42A3-9474-1A3956D46DE8}") = "Solution Items", "Solution Items", "{57CB9133-955C-4FED-A8AF-D4492D4A8834}"
	ProjectSection(SolutionItems) = preProject
		README.md = README.md
	EndProjectSection
EndProject
Project("{FAE04EC0-301F-11D3-BF4B-00C04F79EFBC}") = "TrueCrepes", "TrueCrepes\TrueCrepes.csproj", "{85DA08E3-0557-4D2D-8748-5D7677F3B6E2}"
EndProject
Project("{FAE04EC0-301F-11D3-BF4B-00C04F79EFBC}") = "SuperOuthouse", "SuperOuthouse\SuperOuthouse.csproj", "{39059F9A-62D5-47B8-A0D6-B1B3DC23E3FA}"
EndProject
Project("{FAE04EC0-301F-11D3-BF4B-00C04F79EFBC}") = "OopsAllKillerRobots", "OopsAllKillerRobots\OopsAllKillerRobots.csproj", "{708A4ECD-CDA0-4A69-84F8-097D552AC653}"
EndProject
Global
	GlobalSection(SolutionConfigurationPlatforms) = preSolution
		Debug|Any CPU = Debug|Any CPU
		Release|Any CPU = Release|Any CPU
	EndGlobalSection
	GlobalSection(ProjectConfigurationPlatforms) = postSolution
		{15F1B072-62C4-4C02-A47A-F313D41D4028}.Debug|Any CPU.ActiveCfg = Debug|Any CPU
		{15F1B072-62C4-4C02-A47A-F313D41D4028}.Debug|Any CPU.Build.0 = Debug|Any CPU
		{15F1B072-62C4-4C02-A47A-F313D41D4028}.Release|Any CPU.ActiveCfg = Release|Any CPU
		{15F1B072-62C4-4C02-A47A-F313D41D4028}.Release|Any CPU.Build.0 = Release|Any CPU
		{EA231AA9-ED40-4979-8E61-FDE2EF08C6FB}.Debug|Any CPU.ActiveCfg = Debug|Any CPU
		{EA231AA9-ED40-4979-8E61-FDE2EF08C6FB}.Debug|Any CPU.Build.0 = Debug|Any CPU
		{EA231AA9-ED40-4979-8E61-FDE2EF08C6FB}.Release|Any CPU.ActiveCfg = Release|Any CPU
		{EA231AA9-ED40-4979-8E61-FDE2EF08C6FB}.Release|Any CPU.Build.0 = Release|Any CPU
		{AAD46E5C-6B92-4F93-9FAD-FDC7EA224030}.Debug|Any CPU.ActiveCfg = Debug|Any CPU
		{AAD46E5C-6B92-4F93-9FAD-FDC7EA224030}.Debug|Any CPU.Build.0 = Debug|Any CPU
		{AAD46E5C-6B92-4F93-9FAD-FDC7EA224030}.Release|Any CPU.ActiveCfg = Release|Any CPU
		{AAD46E5C-6B92-4F93-9FAD-FDC7EA224030}.Release|Any CPU.Build.0 = Release|Any CPU
		{BE8F6AD1-722A-411F-8D6B-0432811AC71B}.Debug|Any CPU.ActiveCfg = Debug|Any CPU
		{BE8F6AD1-722A-411F-8D6B-0432811AC71B}.Debug|Any CPU.Build.0 = Debug|Any CPU
		{BE8F6AD1-722A-411F-8D6B-0432811AC71B}.Release|Any CPU.ActiveCfg = Release|Any CPU
		{BE8F6AD1-722A-411F-8D6B-0432811AC71B}.Release|Any CPU.Build.0 = Release|Any CPU
		{880C0F5E-2E3C-482E-8D4D-9F500810A375}.Debug|Any CPU.ActiveCfg = Debug|Any CPU
		{880C0F5E-2E3C-482E-8D4D-9F500810A375}.Debug|Any CPU.Build.0 = Debug|Any CPU
		{880C0F5E-2E3C-482E-8D4D-9F500810A375}.Release|Any CPU.ActiveCfg = Release|Any CPU
		{880C0F5E-2E3C-482E-8D4D-9F500810A375}.Release|Any CPU.Build.0 = Release|Any CPU
		{0FB14212-18E4-4131-B58F-7698D54EFFE4}.Debug|Any CPU.ActiveCfg = Debug|Any CPU
		{0FB14212-18E4-4131-B58F-7698D54EFFE4}.Debug|Any CPU.Build.0 = Debug|Any CPU
		{0FB14212-18E4-4131-B58F-7698D54EFFE4}.Release|Any CPU.ActiveCfg = Release|Any CPU
		{0FB14212-18E4-4131-B58F-7698D54EFFE4}.Release|Any CPU.Build.0 = Release|Any CPU
		{04A6B03E-1C71-4243-8191-BAD2ACDC26BE}.Debug|Any CPU.ActiveCfg = Debug|Any CPU
		{04A6B03E-1C71-4243-8191-BAD2ACDC26BE}.Debug|Any CPU.Build.0 = Debug|Any CPU
		{04A6B03E-1C71-4243-8191-BAD2ACDC26BE}.Release|Any CPU.ActiveCfg = Release|Any CPU
		{04A6B03E-1C71-4243-8191-BAD2ACDC26BE}.Release|Any CPU.Build.0 = Release|Any CPU
		{0698B795-1266-4E13-817A-4C511D481134}.Debug|Any CPU.ActiveCfg = Debug|Any CPU
		{0698B795-1266-4E13-817A-4C511D481134}.Debug|Any CPU.Build.0 = Debug|Any CPU
		{0698B795-1266-4E13-817A-4C511D481134}.Release|Any CPU.ActiveCfg = Release|Any CPU
		{0698B795-1266-4E13-817A-4C511D481134}.Release|Any CPU.Build.0 = Release|Any CPU
		{565FD148-0031-4D89-9AC3-F05ED1F82496}.Debug|Any CPU.ActiveCfg = Debug|Any CPU
		{565FD148-0031-4D89-9AC3-F05ED1F82496}.Debug|Any CPU.Build.0 = Debug|Any CPU
		{565FD148-0031-4D89-9AC3-F05ED1F82496}.Release|Any CPU.ActiveCfg = Release|Any CPU
		{565FD148-0031-4D89-9AC3-F05ED1F82496}.Release|Any CPU.Build.0 = Release|Any CPU
		{E5AE0142-5B15-4400-8E1F-7A7A1DD37ADF}.Debug|Any CPU.ActiveCfg = Debug|Any CPU
		{E5AE0142-5B15-4400-8E1F-7A7A1DD37ADF}.Debug|Any CPU.Build.0 = Debug|Any CPU
		{E5AE0142-5B15-4400-8E1F-7A7A1DD37ADF}.Release|Any CPU.ActiveCfg = Release|Any CPU
		{E5AE0142-5B15-4400-8E1F-7A7A1DD37ADF}.Release|Any CPU.Build.0 = Release|Any CPU
		{B688DDE9-ECB3-478B-955D-72AB4BCF04E1}.Debug|Any CPU.ActiveCfg = Debug|Any CPU
		{B688DDE9-ECB3-478B-955D-72AB4BCF04E1}.Debug|Any CPU.Build.0 = Debug|Any CPU
		{B688DDE9-ECB3-478B-955D-72AB4BCF04E1}.Release|Any CPU.ActiveCfg = Release|Any CPU
		{B688DDE9-ECB3-478B-955D-72AB4BCF04E1}.Release|Any CPU.Build.0 = Release|Any CPU
		{4A2AD966-D754-4A9D-B899-0CA407E1D828}.Debug|Any CPU.ActiveCfg = Debug|Any CPU
		{4A2AD966-D754-4A9D-B899-0CA407E1D828}.Debug|Any CPU.Build.0 = Debug|Any CPU
		{4A2AD966-D754-4A9D-B899-0CA407E1D828}.Release|Any CPU.ActiveCfg = Release|Any CPU
		{4A2AD966-D754-4A9D-B899-0CA407E1D828}.Release|Any CPU.Build.0 = Release|Any CPU
		{85DA08E3-0557-4D2D-8748-5D7677F3B6E2}.Debug|Any CPU.ActiveCfg = Debug|Any CPU
		{85DA08E3-0557-4D2D-8748-5D7677F3B6E2}.Debug|Any CPU.Build.0 = Debug|Any CPU
		{85DA08E3-0557-4D2D-8748-5D7677F3B6E2}.Release|Any CPU.ActiveCfg = Release|Any CPU
		{85DA08E3-0557-4D2D-8748-5D7677F3B6E2}.Release|Any CPU.Build.0 = Release|Any CPU
		{39059F9A-62D5-47B8-A0D6-B1B3DC23E3FA}.Debug|Any CPU.ActiveCfg = Debug|Any CPU
		{39059F9A-62D5-47B8-A0D6-B1B3DC23E3FA}.Debug|Any CPU.Build.0 = Debug|Any CPU
		{39059F9A-62D5-47B8-A0D6-B1B3DC23E3FA}.Release|Any CPU.ActiveCfg = Release|Any CPU
		{39059F9A-62D5-47B8-A0D6-B1B3DC23E3FA}.Release|Any CPU.Build.0 = Release|Any CPU
		{708A4ECD-CDA0-4A69-84F8-097D552AC653}.Debug|Any CPU.ActiveCfg = Debug|Any CPU
		{708A4ECD-CDA0-4A69-84F8-097D552AC653}.Debug|Any CPU.Build.0 = Debug|Any CPU
		{708A4ECD-CDA0-4A69-84F8-097D552AC653}.Release|Any CPU.ActiveCfg = Release|Any CPU
		{708A4ECD-CDA0-4A69-84F8-097D552AC653}.Release|Any CPU.Build.0 = Release|Any CPU
	EndGlobalSection
	GlobalSection(SolutionProperties) = preSolution
		HideSolutionNode = FALSE
	EndGlobalSection
	GlobalSection(ExtensibilityGlobals) = postSolution
		SolutionGuid = {F88A2DD6-BD68-4FA5-B178-469EE7E0107C}
	EndGlobalSection
EndGlobal
